
Microsoft Visual Studio Solution File, Format Version 12.00
# Visual Studio Version 17
VisualStudioVersion = 17.2.32519.379
MinimumVisualStudioVersion = 10.0.40219.1
Project("{FAE04EC0-301F-11D3-BF4B-00C04F79EFBC}") = "LiturgyGeek.Api", "LiturgyGeek.Api\LiturgyGeek.Api.csproj", "{1E2AD68F-F330-4388-BE1D-B6580E4815D1}"
EndProject
Global
	GlobalSection(SolutionConfigurationPlatforms) = preSolution
		Debug|Any CPU = Debug|Any CPU
		Release|Any CPU = Release|Any CPU
	EndGlobalSection
	GlobalSection(ProjectConfigurationPlatforms) = postSolution
		{1E2AD68F-F330-4388-BE1D-B6580E4815D1}.Debug|Any CPU.ActiveCfg = Debug|Any CPU
		{1E2AD68F-F330-4388-BE1D-B6580E4815D1}.Debug|Any CPU.Build.0 = Debug|Any CPU
		{1E2AD68F-F330-4388-BE1D-B6580E4815D1}.Release|Any CPU.ActiveCfg = Release|Any CPU
		{1E2AD68F-F330-4388-BE1D-B6580E4815D1}.Release|Any CPU.Build.0 = Release|Any CPU
	EndGlobalSection
	GlobalSection(SolutionProperties) = preSolution
		HideSolutionNode = FALSE
	EndGlobalSection
	GlobalSection(ExtensibilityGlobals) = postSolution
		SolutionGuid = {40DD694E-617D-4471-AE68-C818FC5A8823}
	EndGlobalSection
EndGlobal
