
Microsoft Visual Studio Solution File, Format Version 12.00
# Visual Studio Version 17
VisualStudioVersion = 17.2.32519.379
MinimumVisualStudioVersion = 10.0.40219.1
Project("{9A19103F-16F7-4668-BE54-9A1E7A4F7556}") = "LiturgyGeek.Api", "LiturgyGeek.Api\LiturgyGeek.Api.csproj", "{1E2AD68F-F330-4388-BE1D-B6580E4815D1}"
EndProject
Project("{54A90642-561A-4BB1-A94E-469ADEE60C69}") = "LiturgyGeek.Web", "LiturgyGeek.Web\LiturgyGeek.Web.esproj", "{9E3BCDAB-C9BD-4AEC-B99D-2AFC66A32FAF}"
EndProject
Global
	GlobalSection(SolutionConfigurationPlatforms) = preSolution
		Debug|Any CPU = Debug|Any CPU
		Release|Any CPU = Release|Any CPU
	EndGlobalSection
	GlobalSection(ProjectConfigurationPlatforms) = postSolution
		{1E2AD68F-F330-4388-BE1D-B6580E4815D1}.Debug|Any CPU.ActiveCfg = Debug|Any CPU
		{1E2AD68F-F330-4388-BE1D-B6580E4815D1}.Debug|Any CPU.Build.0 = Debug|Any CPU
		{1E2AD68F-F330-4388-BE1D-B6580E4815D1}.Release|Any CPU.ActiveCfg = Release|Any CPU
		{1E2AD68F-F330-4388-BE1D-B6580E4815D1}.Release|Any CPU.Build.0 = Release|Any CPU
		{9E3BCDAB-C9BD-4AEC-B99D-2AFC66A32FAF}.Debug|Any CPU.ActiveCfg = Debug|Any CPU
		{9E3BCDAB-C9BD-4AEC-B99D-2AFC66A32FAF}.Debug|Any CPU.Build.0 = Debug|Any CPU
		{9E3BCDAB-C9BD-4AEC-B99D-2AFC66A32FAF}.Debug|Any CPU.Deploy.0 = Debug|Any CPU
		{9E3BCDAB-C9BD-4AEC-B99D-2AFC66A32FAF}.Release|Any CPU.ActiveCfg = Release|Any CPU
		{9E3BCDAB-C9BD-4AEC-B99D-2AFC66A32FAF}.Release|Any CPU.Build.0 = Release|Any CPU
		{9E3BCDAB-C9BD-4AEC-B99D-2AFC66A32FAF}.Release|Any CPU.Deploy.0 = Release|Any CPU
	EndGlobalSection
	GlobalSection(SolutionProperties) = preSolution
		HideSolutionNode = FALSE
	EndGlobalSection
	GlobalSection(ExtensibilityGlobals) = postSolution
		SolutionGuid = {40DD694E-617D-4471-AE68-C818FC5A8823}
	EndGlobalSection
EndGlobal
